{
  "requires": true,
  "lockfileVersion": 1,
  "dependencies": {
    "@spectrum-css/asset": {
      "version": "3.0.0-beta.1",
      "resolved": "https://registry.npmjs.org/@spectrum-css/asset/-/asset-3.0.0-beta.1.tgz",
      "integrity": "sha512-ocw7yrK+zcA7kL5qxLhxvEtBX6ZjWnpYigRB088caovHVwRgozwvwjJ9gpT4O2k5Ru7ekmWTYwWY0beK3DVbog=="
    },
    "@spectrum-css/avatar": {
      "version": "2.0.0",
      "resolved": "https://registry.npmjs.org/@spectrum-css/avatar/-/avatar-2.0.0.tgz",
      "integrity": "sha512-K1se5/am+ehu7UJ0K2J4d+uMubkoBI6QlbNXISUBJftxZ6sA3tDIo3kX4og6SiCr93LF5LxzJ3bhpQkkqFHVtQ=="
    },
    "@spectrum-css/banner": {
      "version": "2.0.0",
      "resolved": "https://registry.npmjs.org/@spectrum-css/banner/-/banner-2.0.0.tgz",
      "integrity": "sha512-oCzbcv9eIVmvSb207jZzvyPhcihhA6piGh5mtDxRmOj6Gw4IOydPZKzYUWuysM98WGaAU+1RIYKQkAVRnStHSQ=="
    },
    "@spectrum-css/button": {
      "version": "2.0.0",
      "resolved": "https://registry.npmjs.org/@spectrum-css/button/-/button-2.0.0.tgz",
      "integrity": "sha512-Ru2/CRiRl1SdemodFuTuNWdVccp5gjAlexWsSgG6l6QItVLeVhssZ1T9Xn6NsaN1zmSmBsLtn//WvWMa5P97wQ=="
    },
    "@spectrum-css/card": {
      "version": "2.0.0",
      "resolved": "https://registry.npmjs.org/@spectrum-css/card/-/card-2.0.0.tgz",
      "integrity": "sha512-FjFV9KRFG+8y+sSEpe1fieQaUAuBuKP4Y1AtJLEXQsdjj6ZHlIKzYw/9BIXH3qAnRsyVtzun1eXi11hSt0FnWA=="
    },
    "@spectrum-css/checkbox": {
      "version": "3.0.0-beta.1",
      "resolved": "https://registry.npmjs.org/@spectrum-css/checkbox/-/checkbox-3.0.0-beta.1.tgz",
      "integrity": "sha512-4DvSnxrQT6br3K2Jo0EWo9MC51D5xTk7VZg0SyVrbiRDcraMbbTicLJfUicZbABRfsLi0xNVSVMXDjolb1+byA=="
    },
    "@spectrum-css/page": {
      "version": "2.0.0",
      "resolved": "https://registry.npmjs.org/@spectrum-css/page/-/page-2.0.0.tgz",
      "integrity": "sha512-F+aAyXBMxrNUfOq+qbo4/9RfB7a6UZ65FcrtElwyif7kO7q0BRBaHOwY9lKJBkXEsG8zMG5ROgpkuSR59CowjA==",
      "requires": {
        "@spectrum-css/vars": "^2.0.0"
      }
    },
    "@spectrum-css/quickaction": {
      "version": "3.0.0-beta.1",
      "resolved": "https://registry.npmjs.org/@spectrum-css/quickaction/-/quickaction-3.0.0-beta.1.tgz",
      "integrity": "sha512-DuEMWsarsprdVV/a+Roou1wnlKbGR6sugb+qJlc+nH2n4ZhnfK+5EDBOuHZWe8fuX/KOJbZpcbET/LkiZZVgBw=="
    },
    "@spectrum-css/sidenav": {
      "version": "2.0.0",
      "resolved": "https://registry.npmjs.org/@spectrum-css/sidenav/-/sidenav-2.0.0.tgz",
      "integrity": "sha512-2tT1jfA9tpW4zZZbzrLdk8tQVscSlzbWS85gX9OFxHMT2VzUzQ45LJZVjNj98FenRN5mMpHaibsg4btIltdrrw=="
    },
    "@spectrum-css/typography": {
      "version": "2.0.0",
      "resolved": "https://registry.npmjs.org/@spectrum-css/typography/-/typography-2.0.0.tgz",
      "integrity": "sha512-v4kEjyM6/mNB+0r6dJe7W2Wgy2AYKW5kn5pRuUGaZEzUmk0mjqnXkOoppt+BRrsti3w8v3BXRfytN3nTZ9Ylzw=="
    },
    "@spectrum-css/vars": {
      "version": "2.0.0",
      "resolved": "https://registry.npmjs.org/@spectrum-css/vars/-/vars-2.0.0.tgz",
      "integrity": "sha512-QaHKcbbyNM/m3JXRexS6W7lyVmT2EgYVpHex0IATIUkO3Zlk0aIJjGXP7XsHbHJ22+2LsQA9eeLmlJuguKI2hQ=="
    }
  }
}
