{
  "requires": true,
  "lockfileVersion": 1,
  "dependencies": {
    "@spectrum-css/button": {
      "version": "3.0.0-beta.1",
      "resolved": "https://registry.npmjs.org/@spectrum-css/button/-/button-3.0.0-beta.1.tgz",
      "integrity": "sha512-u+yRJwNqXJQB+rapw4dDIHRDoCUPX2Whf0zhAcrJVoCPSil4yyQo/EKgrjmsvcK3BlpiasXGRI9i8fyYRr6/iA=="
    },
    "@spectrum-css/page": {
      "version": "2.0.6",
      "resolved": "https://registry.npmjs.org/@spectrum-css/page/-/page-2.0.6.tgz",
      "integrity": "sha512-wj/q7wnTjw+lDig2vdTUiv/uRRTssstK5bxmSA8vJacrvFCwXWQ1bx6vEdFLeZmKqL90WWpfoYqMmYouOHp2nw==",
      "requires": {
        "@spectrum-css/vars": "^2.2.0"
      }
    },
    "@spectrum-css/vars": {
      "version": "2.2.0",
      "resolved": "https://registry.npmjs.org/@spectrum-css/vars/-/vars-2.2.0.tgz",
      "integrity": "sha512-cYGvOlgfKpx1tGT822l7/SZTzonbIJIj/mJUWJkzMjBYt3z/swx2t1vupWoPZMTt1FBlgMhR1C6Fup7w/68qzA=="
    }
  }
}
